{
  "object": {
    "pins": [
      {
        "package": "NotificationToast",
        "repositoryURL": "https://github.com/PhilippeWeidmann/NotificationToast",
        "state": {
          "branch": null,
          "revision": "3e03c80666c3025abcfe48014bd0ef7c0f353bea",
          "version": "1.0.6"
        }
      }
    ]
  },
  "version": 1
}
